# This file is automatically @generated by Poetry 2.0.0 and should not be changed by hand.

[[package]]
name = "lit"
version = "18.1.8"
description = "A Software Testing Tool"
optional = false
python-versions = "*"
groups = ["main"]
files = [
    {file = "lit-18.1.8-py3-none-any.whl", hash = "sha256:a873ff7acd76e746368da32eb7355625e2e55a2baaab884c9cc130f2ee0300f7"},
    {file = "lit-18.1.8.tar.gz", hash = "sha256:47c174a186941ae830f04ded76a3444600be67d5e5fb8282c3783fba671c4edb"},
]

[metadata]
lock-version = "2.1"
python-versions = ">=3.10"
content-hash = "8b19248af1299c7f9f019bd77916457540ca435aac24ae5210d56ae08a7e83fb"
